
Microsoft Visual Studio Solution File, Format Version 12.00
# Visual Studio 15
VisualStudioVersion = 15.0.28307.1401
MinimumVisualStudioVersion = 10.0.40219.1
Project("{FAE04EC0-301F-11D3-BF4B-00C04F79EFBC}") = "RegistrationFinal.MVC.UI", "RegistrationFinal.MVC.UI\RegistrationFinal.MVC.UI.csproj", "{9FFCDA35-9889-4F4F-9FF8-AD994DC15B4C}"
EndProject
Project("{FAE04EC0-301F-11D3-BF4B-00C04F79EFBC}") = "RegistrationFinal.DATA.EF", "RegistrationFinal.DATA.EF\RegistrationFinal.DATA.EF.csproj", "{9BFCB006-9CB7-4415-AD2C-C80ACDF721D8}"
EndProject
Global
	GlobalSection(SolutionConfigurationPlatforms) = preSolution
		Debug|Any CPU = Debug|Any CPU
		Release|Any CPU = Release|Any CPU
	EndGlobalSection
	GlobalSection(ProjectConfigurationPlatforms) = postSolution
		{9FFCDA35-9889-4F4F-9FF8-AD994DC15B4C}.Debug|Any CPU.ActiveCfg = Debug|Any CPU
		{9FFCDA35-9889-4F4F-9FF8-AD994DC15B4C}.Debug|Any CPU.Build.0 = Debug|Any CPU
		{9FFCDA35-9889-4F4F-9FF8-AD994DC15B4C}.Release|Any CPU.ActiveCfg = Release|Any CPU
		{9FFCDA35-9889-4F4F-9FF8-AD994DC15B4C}.Release|Any CPU.Build.0 = Release|Any CPU
		{9BFCB006-9CB7-4415-AD2C-C80ACDF721D8}.Debug|Any CPU.ActiveCfg = Debug|Any CPU
		{9BFCB006-9CB7-4415-AD2C-C80ACDF721D8}.Debug|Any CPU.Build.0 = Debug|Any CPU
		{9BFCB006-9CB7-4415-AD2C-C80ACDF721D8}.Release|Any CPU.ActiveCfg = Release|Any CPU
		{9BFCB006-9CB7-4415-AD2C-C80ACDF721D8}.Release|Any CPU.Build.0 = Release|Any CPU
	EndGlobalSection
	GlobalSection(SolutionProperties) = preSolution
		HideSolutionNode = FALSE
	EndGlobalSection
	GlobalSection(ExtensibilityGlobals) = postSolution
		SolutionGuid = {B751D27D-2E10-4F46-9F67-4633424EDEA2}
	EndGlobalSection
EndGlobal
